
Microsoft Visual Studio Solution File, Format Version 12.00
# Visual Studio Version 16
VisualStudioVersion = 16.0.30907.101
MinimumVisualStudioVersion = 10.0.40219.1
Project("{9A19103F-16F7-4668-BE54-9A1E7A4F7556}") = "Themenschaedel.Web", "Themenschaedel.Web\Themenschaedel.Web.csproj", "{F187CEC6-FC75-4DA0-BCF7-0CDFE4ED2C16}"
EndProject
Project("{2150E333-8FDC-42A3-9474-1A3956D46DE8}") = "Shared", "Shared", "{80238FB0-E9A0-46FF-81F1-A9298D82E565}"
EndProject
Project("{9A19103F-16F7-4668-BE54-9A1E7A4F7556}") = "Themenschaedel.Shared", "Themenschaedel.Shared\Themenschaedel.Shared\Themenschaedel.Shared.csproj", "{1727A0AD-A205-4538-94CA-7ACA9EB6CA99}"
EndProject
Project("{FAE04EC0-301F-11D3-BF4B-00C04F79EFBC}") = "Themenschaedel.Components", "Themenschaedel.Components\Themenschaedel.Components.csproj", "{4DA356A9-9B31-4D98-9199-EDF6EB17E658}"
EndProject
Global
	GlobalSection(SolutionConfigurationPlatforms) = preSolution
		Debug|Any CPU = Debug|Any CPU
		Release|Any CPU = Release|Any CPU
	EndGlobalSection
	GlobalSection(ProjectConfigurationPlatforms) = postSolution
		{F187CEC6-FC75-4DA0-BCF7-0CDFE4ED2C16}.Debug|Any CPU.ActiveCfg = Debug|Any CPU
		{F187CEC6-FC75-4DA0-BCF7-0CDFE4ED2C16}.Debug|Any CPU.Build.0 = Debug|Any CPU
		{F187CEC6-FC75-4DA0-BCF7-0CDFE4ED2C16}.Release|Any CPU.ActiveCfg = Release|Any CPU
		{F187CEC6-FC75-4DA0-BCF7-0CDFE4ED2C16}.Release|Any CPU.Build.0 = Release|Any CPU
		{1727A0AD-A205-4538-94CA-7ACA9EB6CA99}.Debug|Any CPU.ActiveCfg = Debug|Any CPU
		{1727A0AD-A205-4538-94CA-7ACA9EB6CA99}.Debug|Any CPU.Build.0 = Debug|Any CPU
		{1727A0AD-A205-4538-94CA-7ACA9EB6CA99}.Release|Any CPU.ActiveCfg = Release|Any CPU
		{1727A0AD-A205-4538-94CA-7ACA9EB6CA99}.Release|Any CPU.Build.0 = Release|Any CPU
		{4DA356A9-9B31-4D98-9199-EDF6EB17E658}.Debug|Any CPU.ActiveCfg = Debug|Any CPU
		{4DA356A9-9B31-4D98-9199-EDF6EB17E658}.Debug|Any CPU.Build.0 = Debug|Any CPU
		{4DA356A9-9B31-4D98-9199-EDF6EB17E658}.Release|Any CPU.ActiveCfg = Release|Any CPU
		{4DA356A9-9B31-4D98-9199-EDF6EB17E658}.Release|Any CPU.Build.0 = Release|Any CPU
	EndGlobalSection
	GlobalSection(SolutionProperties) = preSolution
		HideSolutionNode = FALSE
	EndGlobalSection
	GlobalSection(NestedProjects) = preSolution
		{1727A0AD-A205-4538-94CA-7ACA9EB6CA99} = {80238FB0-E9A0-46FF-81F1-A9298D82E565}
		{4DA356A9-9B31-4D98-9199-EDF6EB17E658} = {80238FB0-E9A0-46FF-81F1-A9298D82E565}
	EndGlobalSection
	GlobalSection(ExtensibilityGlobals) = postSolution
		SolutionGuid = {904D40B5-171A-421D-B670-86FD821BAB61}
	EndGlobalSection
EndGlobal
